
Microsoft Visual Studio Solution File, Format Version 12.00
# Visual Studio 15
VisualStudioVersion = 15.0.27130.2010
MinimumVisualStudioVersion = 10.0.40219.1
Project("{8BC9CEB8-8B4A-11D0-8D11-00A0C91BC942}") = "joycon", "joycon.vcxproj", "{A3C0D9FE-F4A3-45F9-874A-AC2E6806477C}"
EndProject
Global
	GlobalSection(SolutionConfigurationPlatforms) = preSolution
		Debug|x64 = Debug|x64
		Debug|x86 = Debug|x86
		Rel64|x64 = Rel64|x64
		Rel64|x86 = Rel64|x86
		Release|x64 = Release|x64
		Release|x86 = Release|x86
	EndGlobalSection
	GlobalSection(ProjectConfigurationPlatforms) = postSolution
		{A3C0D9FE-F4A3-45F9-874A-AC2E6806477C}.Debug|x64.ActiveCfg = Debug|x64
		{A3C0D9FE-F4A3-45F9-874A-AC2E6806477C}.Debug|x64.Build.0 = Debug|x64
		{A3C0D9FE-F4A3-45F9-874A-AC2E6806477C}.Debug|x86.ActiveCfg = Debug|Win32
		{A3C0D9FE-F4A3-45F9-874A-AC2E6806477C}.Debug|x86.Build.0 = Debug|Win32
		{A3C0D9FE-F4A3-45F9-874A-AC2E6806477C}.Rel64|x64.ActiveCfg = Rel64|x64
		{A3C0D9FE-F4A3-45F9-874A-AC2E6806477C}.Rel64|x64.Build.0 = Rel64|x64
		{A3C0D9FE-F4A3-45F9-874A-AC2E6806477C}.Rel64|x86.ActiveCfg = Rel64|Win32
		{A3C0D9FE-F4A3-45F9-874A-AC2E6806477C}.Rel64|x86.Build.0 = Rel64|Win32
		{A3C0D9FE-F4A3-45F9-874A-AC2E6806477C}.Release|x64.ActiveCfg = Release|x64
		{A3C0D9FE-F4A3-45F9-874A-AC2E6806477C}.Release|x64.Build.0 = Release|x64
		{A3C0D9FE-F4A3-45F9-874A-AC2E6806477C}.Release|x86.ActiveCfg = Release|Win32
		{A3C0D9FE-F4A3-45F9-874A-AC2E6806477C}.Release|x86.Build.0 = Release|Win32
	EndGlobalSection
	GlobalSection(SolutionProperties) = preSolution
		HideSolutionNode = FALSE
	EndGlobalSection
	GlobalSection(ExtensibilityGlobals) = postSolution
		SolutionGuid = {2730E5A0-8283-47C7-829E-58F07BC2EF9C}
	EndGlobalSection
EndGlobal
